// !$*UTF8*$!
{
	archiveVersion = 1;
	classes = {
	};
	objectVersion = 77;
	objects = {

/* Begin PBXContainerItemProxy section */
		47765DD42D9E1F2D0039B36E /* PBXContainerItemProxy */ = {
			isa = PBXContainerItemProxy;
			containerPortal = 47765DB92D9E1F2C0039B36E /* Project object */;
			proxyType = 1;
			remoteGlobalIDString = 47765DC02D9E1F2C0039B36E;
			remoteInfo = UltimateTrivia;
		};
		47765DDE2D9E1F2D0039B36E /* PBXContainerItemProxy */ = {
			isa = PBXContainerItemProxy;
			containerPortal = 47765DB92D9E1F2C0039B36E /* Project object */;
			proxyType = 1;
			remoteGlobalIDString = 47765DC02D9E1F2C0039B36E;
			remoteInfo = UltimateTrivia;
		};
/* End PBXContainerItemProxy section */

/* Begin PBXFileReference section */
		47765DC12D9E1F2C0039B36E /* UltimateTrivia.app */ = {isa = PBXFileReference; explicitFileType = wrapper.application; includeInIndex = 0; path = UltimateTrivia.app; sourceTree = BUILT_PRODUCTS_DIR; };
		47765DD32D9E1F2D0039B36E /* UltimateTriviaTests.xctest */ = {isa = PBXFileReference; explicitFileType = wrapper.cfbundle; includeInIndex = 0; path = UltimateTriviaTests.xctest; sourceTree = BUILT_PRODUCTS_DIR; };
		47765DDD2D9E1F2D0039B36E /* UltimateTriviaUITests.xctest */ = {isa = PBXFileReference; explicitFileType = wrapper.cfbundle; includeInIndex = 0; path = UltimateTriviaUITests.xctest; sourceTree = BUILT_PRODUCTS_DIR; };
/* End PBXFileReference section */

/* Begin PBXFileSystemSynchronizedRootGroup section */
		47765DC32D9E1F2C0039B36E /* UltimateTrivia */ = {
			isa = PBXFileSystemSynchronizedRootGroup;
			path = UltimateTrivia;
			sourceTree = "<group>";
		};
		47765DD62D9E1F2D0039B36E /* UltimateTriviaTests */ = {
			isa = PBXFileSystemSynchronizedRootGroup;
			path = UltimateTriviaTests;
			sourceTree = "<group>";
		};
		47765DE02D9E1F2D0039B36E /* UltimateTriviaUITests */ = {
			isa = PBXFileSystemSynchronizedRootGroup;
			path = UltimateTriviaUITests;
			sourceTree = "<group>";
		};
/* End PBXFileSystemSynchronizedRootGroup section */

/* Begin PBXFrameworksBuildPhase section */
		47765DBE2D9E1F2C0039B36E /* Frameworks */ = {
			isa = PBXFrameworksBuildPhase;
			buildActionMask = 2147483647;
			files = (
			);
			runOnlyForDeploymentPostprocessing = 0;
		};
		47765DD02D9E1F2D0039B36E /* Frameworks */ = {
			isa = PBXFrameworksBuildPhase;
			buildActionMask = 2147483647;
			files = (
			);
			runOnlyForDeploymentPostprocessing = 0;
		};
		47765DDA2D9E1F2D0039B36E /* Frameworks */ = {
			isa = PBXFrameworksBuildPhase;
			buildActionMask = 2147483647;
			files = (
			);
			runOnlyForDeploymentPostprocessing = 0;
		};
/* End PBXFrameworksBuildPhase section */

/* Begin PBXGroup section */
		47765DB82D9E1F2C0039B36E = {
			isa = PBXGroup;
			children = (
				47765DC32D9E1F2C0039B36E /* UltimateTrivia */,
				47765DD62D9E1F2D0039B36E /* UltimateTriviaTests */,
				47765DE02D9E1F2D0039B36E /* UltimateTriviaUITests */,
				47765DC22D9E1F2C0039B36E /* Products */,
			);
			sourceTree = "<group>";
		};
		47765DC22D9E1F2C0039B36E /* Products */ = {
			isa = PBXGroup;
			children = (
				47765DC12D9E1F2C0039B36E /* UltimateTrivia.app */,
				47765DD32D9E1F2D0039B36E /* UltimateTriviaTests.xctest */,
				47765DDD2D9E1F2D0039B36E /* UltimateTriviaUITests.xctest */,
			);
			name = Products;
			sourceTree = "<group>";
		};
/* End PBXGroup section */

/* Begin PBXNativeTarget section */
		47765DC02D9E1F2C0039B36E /* UltimateTrivia */ = {
			isa = PBXNativeTarget;
			buildConfigurationList = 47765DE72D9E1F2D0039B36E /* Build configuration list for PBXNativeTarget "UltimateTrivia" */;
			buildPhases = (
				47765DBD2D9E1F2C0039B36E /* Sources */,
				47765DBE2D9E1F2C0039B36E /* Frameworks */,
				47765DBF2D9E1F2C0039B36E /* Resources */,
			);
			buildRules = (
			);
			dependencies = (
			);
			fileSystemSynchronizedGroups = (
				47765DC32D9E1F2C0039B36E /* UltimateTrivia */,
			);
			name = UltimateTrivia;
			packageProductDependencies = (
			);
			productName = UltimateTrivia;
			productReference = 47765DC12D9E1F2C0039B36E /* UltimateTrivia.app */;
			productType = "com.apple.product-type.application";
		};
		47765DD22D9E1F2D0039B36E /* UltimateTriviaTests */ = {
			isa = PBXNativeTarget;
			buildConfigurationList = 47765DEA2D9E1F2D0039B36E /* Build configuration list for PBXNativeTarget "UltimateTriviaTests" */;
			buildPhases = (
				47765DCF2D9E1F2D0039B36E /* Sources */,
				47765DD02D9E1F2D0039B36E /* Frameworks */,
				47765DD12D9E1F2D0039B36E /* Resources */,
			);
			buildRules = (
			);
			dependencies = (
				47765DD52D9E1F2D0039B36E /* PBXTargetDependency */,
			);
			fileSystemSynchronizedGroups = (
				47765DD62D9E1F2D0039B36E /* UltimateTriviaTests */,
			);
			name = UltimateTriviaTests;
			packageProductDependencies = (
			);
			productName = UltimateTriviaTests;
			productReference = 47765DD32D9E1F2D0039B36E /* UltimateTriviaTests.xctest */;
			productType = "com.apple.product-type.bundle.unit-test";
		};
		47765DDC2D9E1F2D0039B36E /* UltimateTriviaUITests */ = {
			isa = PBXNativeTarget;
			buildConfigurationList = 47765DED2D9E1F2D0039B36E /* Build configuration list for PBXNativeTarget "UltimateTriviaUITests" */;
			buildPhases = (
				47765DD92D9E1F2D0039B36E /* Sources */,
				47765DDA2D9E1F2D0039B36E /* Frameworks */,
				47765DDB2D9E1F2D0039B36E /* Resources */,
			);
			buildRules = (
			);
			dependencies = (
				47765DDF2D9E1F2D0039B36E /* PBXTargetDependency */,
			);
			fileSystemSynchronizedGroups = (
				47765DE02D9E1F2D0039B36E /* UltimateTriviaUITests */,
			);
			name = UltimateTriviaUITests;
			packageProductDependencies = (
			);
			productName = UltimateTriviaUITests;
			productReference = 47765DDD2D9E1F2D0039B36E /* UltimateTriviaUITests.xctest */;
			productType = "com.apple.product-type.bundle.ui-testing";
		};
/* End PBXNativeTarget section */

/* Begin PBXProject section */
		47765DB92D9E1F2C0039B36E /* Project object */ = {
			isa = PBXProject;
			attributes = {
				BuildIndependentTargetsInParallel = 1;
				LastSwiftUpdateCheck = 1620;
				LastUpgradeCheck = 1620;
				TargetAttributes = {
					47765DC02D9E1F2C0039B36E = {
						CreatedOnToolsVersion = 16.2;
					};
					47765DD22D9E1F2D0039B36E = {
						CreatedOnToolsVersion = 16.2;
						TestTargetID = 47765DC02D9E1F2C0039B36E;
					};
					47765DDC2D9E1F2D0039B36E = {
						CreatedOnToolsVersion = 16.2;
						TestTargetID = 47765DC02D9E1F2C0039B36E;
					};
				};
			};
			buildConfigurationList = 47765DBC2D9E1F2C0039B36E /* Build configuration list for PBXProject "UltimateTrivia" */;
			developmentRegion = en;
			hasScannedForEncodings = 0;
			knownRegions = (
				en,
				Base,
			);
			mainGroup = 47765DB82D9E1F2C0039B36E;
			minimizedProjectReferenceProxies = 1;
			preferredProjectObjectVersion = 77;
			productRefGroup = 47765DC22D9E1F2C0039B36E /* Products */;
			projectDirPath = "";
			projectRoot = "";
			targets = (
				47765DC02D9E1F2C0039B36E /* UltimateTrivia */,
				47765DD22D9E1F2D0039B36E /* UltimateTriviaTests */,
				47765DDC2D9E1F2D0039B36E /* UltimateTriviaUITests */,
			);
		};
/* End PBXProject section */

/* Begin PBXResourcesBuildPhase section */
		47765DBF2D9E1F2C0039B36E /* Resources */ = {
			isa = PBXResourcesBuildPhase;
			buildActionMask = 2147483647;
			files = (
			);
			runOnlyForDeploymentPostprocessing = 0;
		};
		47765DD12D9E1F2D0039B36E /* Resources */ = {
			isa = PBXResourcesBuildPhase;
			buildActionMask = 2147483647;
			files = (
			);
			runOnlyForDeploymentPostprocessing = 0;
		};
		47765DDB2D9E1F2D0039B36E /* Resources */ = {
			isa = PBXResourcesBuildPhase;
			buildActionMask = 2147483647;
			files = (
			);
			runOnlyForDeploymentPostprocessing = 0;
		};
/* End PBXResourcesBuildPhase section */

/* Begin PBXSourcesBuildPhase section */
		47765DBD2D9E1F2C0039B36E /* Sources */ = {
			isa = PBXSourcesBuildPhase;
			buildActionMask = 2147483647;
			files = (
			);
			runOnlyForDeploymentPostprocessing = 0;
		};
		47765DCF2D9E1F2D0039B36E /* Sources */ = {
			isa = PBXSourcesBuildPhase;
			buildActionMask = 2147483647;
			files = (
			);
			runOnlyForDeploymentPostprocessing = 0;
		};
		47765DD92D9E1F2D0039B36E /* Sources */ = {
			isa = PBXSourcesBuildPhase;
			buildActionMask = 2147483647;
			files = (
			);
			runOnlyForDeploymentPostprocessing = 0;
		};
/* End PBXSourcesBuildPhase section */

/* Begin PBXTargetDependency section */
		47765DD52D9E1F2D0039B36E /* PBXTargetDependency */ = {
			isa = PBXTargetDependency;
			target = 47765DC02D9E1F2C0039B36E /* UltimateTrivia */;
			targetProxy = 47765DD42D9E1F2D0039B36E /* PBXContainerItemProxy */;
		};
		47765DDF2D9E1F2D0039B36E /* PBXTargetDependency */ = {
			isa = PBXTargetDependency;
			target = 47765DC02D9E1F2C0039B36E /* UltimateTrivia */;
			targetProxy = 47765DDE2D9E1F2D0039B36E /* PBXContainerItemProxy */;
		};
/* End PBXTargetDependency section */

/* Begin XCBuildConfiguration section */
		47765DE52D9E1F2D0039B36E /* Debug */ = {
			isa = XCBuildConfiguration;
			buildSettings = {
				ALWAYS_SEARCH_USER_PATHS = NO;
				ASSETCATALOG_COMPILER_GENERATE_SWIFT_ASSET_SYMBOL_EXTENSIONS = YES;
				CLANG_ANALYZER_NONNULL = YES;
				CLANG_ANALYZER_NUMBER_OBJECT_CONVERSION = YES_AGGRESSIVE;
				CLANG_CXX_LANGUAGE_STANDARD = "gnu++20";
				CLANG_ENABLE_MODULES = YES;
				CLANG_ENABLE_OBJC_ARC = YES;
				CLANG_ENABLE_OBJC_WEAK = YES;
				CLANG_WARN_BLOCK_CAPTURE_AUTORELEASING = YES;
				CLANG_WARN_BOOL_CONVERSION = YES;
				CLANG_WARN_COMMA = YES;
				CLANG_WARN_CONSTANT_CONVERSION = YES;
				CLANG_WARN_DEPRECATED_OBJC_IMPLEMENTATIONS = YES;
				CLANG_WARN_DIRECT_OBJC_ISA_USAGE = YES_ERROR;
				CLANG_WARN_DOCUMENTATION_COMMENTS = YES;
				CLANG_WARN_EMPTY_BODY = YES;
				CLANG_WARN_ENUM_CONVERSION = YES;
				CLANG_WARN_INFINITE_RECURSION = YES;
				CLANG_WARN_INT_CONVERSION = YES;
				CLANG_WARN_NON_LITERAL_NULL_CONVERSION = YES;
				CLANG_WARN_OBJC_IMPLICIT_RETAIN_SELF = YES;
				CLANG_WARN_OBJC_LITERAL_CONVERSION = YES;
				CLANG_WARN_OBJC_ROOT_CLASS = YES_ERROR;
				CLANG_WARN_QUOTED_INCLUDE_IN_FRAMEWORK_HEADER = YES;
				CLANG_WARN_RANGE_LOOP_ANALYSIS = YES;
				CLANG_WARN_STRICT_PROTOTYPES = YES;
				CLANG_WARN_SUSPICIOUS_MOVE = YES;
				CLANG_WARN_UNGUARDED_AVAILABILITY = YES_AGGRESSIVE;
				CLANG_WARN_UNREACHABLE_CODE = YES;
				CLANG_WARN__DUPLICATE_METHOD_MATCH = YES;
				COPY_PHASE_STRIP = NO;
				DEBUG_INFORMATION_FORMAT = dwarf;
				ENABLE_STRICT_OBJC_MSGSEND = YES;
				ENABLE_TESTABILITY = YES;
				ENABLE_USER_SCRIPT_SANDBOXING = YES;
				GCC_C_LANGUAGE_STANDARD = gnu17;
				GCC_DYNAMIC_NO_PIC = NO;
				GCC_NO_COMMON_BLOCKS = YES;
				GCC_OPTIMIZATION_LEVEL = 0;
				GCC_PREPROCESSOR_DEFINITIONS = (
					"DEBUG=1",
					"$(inherited)",
				);
				GCC_WARN_64_TO_32_BIT_CONVERSION = YES;
				GCC_WARN_ABOUT_RETURN_TYPE = YES_ERROR;
				GCC_WARN_UNDECLARED_SELECTOR = YES;
				GCC_WARN_UNINITIALIZED_AUTOS = YES_AGGRESSIVE;
				GCC_WARN_UNUSED_FUNCTION = YES;
				GCC_WARN_UNUSED_VARIABLE = YES;
				IPHONEOS_DEPLOYMENT_TARGET = 18.2;
				LOCALIZATION_PREFERS_STRING_CATALOGS = YES;
				MTL_ENABLE_DEBUG_INFO = INCLUDE_SOURCE;
				MTL_FAST_MATH = YES;
				ONLY_ACTIVE_ARCH = YES;
				SDKROOT = iphoneos;
				SWIFT_ACTIVE_COMPILATION_CONDITIONS = "DEBUG $(inherited)";
				SWIFT_OPTIMIZATION_LEVEL = "-Onone";
			};
			name = Debug;
		};
		47765DE62D9E1F2D0039B36E /* Release */ = {
			isa = XCBuildConfiguration;
			buildSettings = {
				ALWAYS_SEARCH_USER_PATHS = NO;
				ASSETCATALOG_COMPILER_GENERATE_SWIFT_ASSET_SYMBOL_EXTENSIONS = YES;
				CLANG_ANALYZER_NONNULL = YES;
				CLANG_ANALYZER_NUMBER_OBJECT_CONVERSION = YES_AGGRESSIVE;
				CLANG_CXX_LANGUAGE_STANDARD = "gnu++20";
				CLANG_ENABLE_MODULES = YES;
				CLANG_ENABLE_OBJC_ARC = YES;
				CLANG_ENABLE_OBJC_WEAK = YES;
				CLANG_WARN_BLOCK_CAPTURE_AUTORELEASING = YES;
				CLANG_WARN_BOOL_CONVERSION = YES;
				CLANG_WARN_COMMA = YES;
				CLANG_WARN_CONSTANT_CONVERSION = YES;
				CLANG_WARN_DEPRECATED_OBJC_IMPLEMENTATIONS = YES;
				CLANG_WARN_DIRECT_OBJC_ISA_USAGE = YES_ERROR;
				CLANG_WARN_DOCUMENTATION_COMMENTS = YES;
				CLANG_WARN_EMPTY_BODY = YES;
				CLANG_WARN_ENUM_CONVERSION = YES;
				CLANG_WARN_INFINITE_RECURSION = YES;
				CLANG_WARN_INT_CONVERSION = YES;
				CLANG_WARN_NON_LITERAL_NULL_CONVERSION = YES;
				CLANG_WARN_OBJC_IMPLICIT_RETAIN_SELF = YES;
				CLANG_WARN_OBJC_LITERAL_CONVERSION = YES;
				CLANG_WARN_OBJC_ROOT_CLASS = YES_ERROR;
				CLANG_WARN_QUOTED_INCLUDE_IN_FRAMEWORK_HEADER = YES;
				CLANG_WARN_RANGE_LOOP_ANALYSIS = YES;
				CLANG_WARN_STRICT_PROTOTYPES = YES;
				CLANG_WARN_SUSPICIOUS_MOVE = YES;
				CLANG_WARN_UNGUARDED_AVAILABILITY = YES_AGGRESSIVE;
				CLANG_WARN_UNREACHABLE_CODE = YES;
				CLANG_WARN__DUPLICATE_METHOD_MATCH = YES;
				COPY_PHASE_STRIP = NO;
				DEBUG_INFORMATION_FORMAT = "dwarf-with-dsym";
				ENABLE_NS_ASSERTIONS = NO;
				ENABLE_STRICT_OBJC_MSGSEND = YES;
				ENABLE_USER_SCRIPT_SANDBOXING = YES;
				GCC_C_LANGUAGE_STANDARD = gnu17;
				GCC_NO_COMMON_BLOCKS = YES;
				GCC_WARN_64_TO_32_BIT_CONVERSION = YES;
				GCC_WARN_ABOUT_RETURN_TYPE = YES_ERROR;
				GCC_WARN_UNDECLARED_SELECTOR = YES;
				GCC_WARN_UNINITIALIZED_AUTOS = YES_AGGRESSIVE;
				GCC_WARN_UNUSED_FUNCTION = YES;
				GCC_WARN_UNUSED_VARIABLE = YES;
				IPHONEOS_DEPLOYMENT_TARGET = 18.2;
				LOCALIZATION_PREFERS_STRING_CATALOGS = YES;
				MTL_ENABLE_DEBUG_INFO = NO;
				MTL_FAST_MATH = YES;
				SDKROOT = iphoneos;
				SWIFT_COMPILATION_MODE = wholemodule;
				VALIDATE_PRODUCT = YES;
			};
			name = Release;
		};
		47765DE82D9E1F2D0039B36E /* Debug */ = {
			isa = XCBuildConfiguration;
			buildSettings = {
				ASSETCATALOG_COMPILER_APPICON_NAME = AppIcon;
				ASSETCATALOG_COMPILER_GLOBAL_ACCENT_COLOR_NAME = AccentColor;
				CODE_SIGN_STYLE = Automatic;
				CURRENT_PROJECT_VERSION = 1;
				DEVELOPMENT_ASSET_PATHS = "\"UltimateTrivia/Preview Content\"";
				DEVELOPMENT_TEAM = SHM7Y7Q9HU;
				ENABLE_PREVIEWS = YES;
				GENERATE_INFOPLIST_FILE = YES;
				INFOPLIST_KEY_UIApplicationSceneManifest_Generation = YES;
				INFOPLIST_KEY_UIApplicationSupportsIndirectInputEvents = YES;
				INFOPLIST_KEY_UILaunchScreen_Generation = YES;
				INFOPLIST_KEY_UISupportedInterfaceOrientations_iPad = "UIInterfaceOrientationPortrait UIInterfaceOrientationPortraitUpsideDown UIInterfaceOrientationLandscapeLeft UIInterfaceOrientationLandscapeRight";
				INFOPLIST_KEY_UISupportedInterfaceOrientations_iPhone = "UIInterfaceOrientationPortrait UIInterfaceOrientationLandscapeLeft UIInterfaceOrientationLandscapeRight";
				LD_RUNPATH_SEARCH_PATHS = (
					"$(inherited)",
					"@executable_path/Frameworks",
				);
				MARKETING_VERSION = 1.0;
				PRODUCT_BUNDLE_IDENTIFIER = com.ayoapps.UltimateTrivia;
				PRODUCT_NAME = "$(TARGET_NAME)";
				SWIFT_EMIT_LOC_STRINGS = YES;
				SWIFT_VERSION = 5.0;
				TARGETED_DEVICE_FAMILY = "1,2";
			};
			name = Debug;
		};
		47765DE92D9E1F2D0039B36E /* Release */ = {
			isa = XCBuildConfiguration;
			buildSettings = {
				ASSETCATALOG_COMPILER_APPICON_NAME = AppIcon;
				ASSETCATALOG_COMPILER_GLOBAL_ACCENT_COLOR_NAME = AccentColor;
				CODE_SIGN_STYLE = Automatic;
				CURRENT_PROJECT_VERSION = 1;
				DEVELOPMENT_ASSET_PATHS = "\"UltimateTrivia/Preview Content\"";
				DEVELOPMENT_TEAM = SHM7Y7Q9HU;
				ENABLE_PREVIEWS = YES;
				GENERATE_INFOPLIST_FILE = YES;
				INFOPLIST_KEY_UIApplicationSceneManifest_Generation = YES;
				INFOPLIST_KEY_UIApplicationSupportsIndirectInputEvents = YES;
				INFOPLIST_KEY_UILaunchScreen_Generation = YES;
				INFOPLIST_KEY_UISupportedInterfaceOrientations_iPad = "UIInterfaceOrientationPortrait UIInterfaceOrientationPortraitUpsideDown UIInterfaceOrientationLandscapeLeft UIInterfaceOrientationLandscapeRight";
				INFOPLIST_KEY_UISupportedInterfaceOrientations_iPhone = "UIInterfaceOrientationPortrait UIInterfaceOrientationLandscapeLeft UIInterfaceOrientationLandscapeRight";
				LD_RUNPATH_SEARCH_PATHS = (
					"$(inherited)",
					"@executable_path/Frameworks",
				);
				MARKETING_VERSION = 1.0;
				PRODUCT_BUNDLE_IDENTIFIER = com.ayoapps.UltimateTrivia;
				PRODUCT_NAME = "$(TARGET_NAME)";
				SWIFT_EMIT_LOC_STRINGS = YES;
				SWIFT_VERSION = 5.0;
				TARGETED_DEVICE_FAMILY = "1,2";
			};
			name = Release;
		};
		47765DEB2D9E1F2D0039B36E /* Debug */ = {
			isa = XCBuildConfiguration;
			buildSettings = {
				BUNDLE_LOADER = "$(TEST_HOST)";
				CODE_SIGN_STYLE = Automatic;
				CURRENT_PROJECT_VERSION = 1;
				DEVELOPMENT_TEAM = SHM7Y7Q9HU;
				GENERATE_INFOPLIST_FILE = YES;
				IPHONEOS_DEPLOYMENT_TARGET = 18.2;
				MARKETING_VERSION = 1.0;
				PRODUCT_BUNDLE_IDENTIFIER = com.ayoapps.UltimateTriviaTests;
				PRODUCT_NAME = "$(TARGET_NAME)";
				SWIFT_EMIT_LOC_STRINGS = NO;
				SWIFT_VERSION = 5.0;
				TARGETED_DEVICE_FAMILY = "1,2";
				TEST_HOST = "$(BUILT_PRODUCTS_DIR)/UltimateTrivia.app/$(BUNDLE_EXECUTABLE_FOLDER_PATH)/UltimateTrivia";
			};
			name = Debug;
		};
		47765DEC2D9E1F2D0039B36E /* Release */ = {
			isa = XCBuildConfiguration;
			buildSettings = {
				BUNDLE_LOADER = "$(TEST_HOST)";
				CODE_SIGN_STYLE = Automatic;
				CURRENT_PROJECT_VERSION = 1;
				DEVELOPMENT_TEAM = SHM7Y7Q9HU;
				GENERATE_INFOPLIST_FILE = YES;
				IPHONEOS_DEPLOYMENT_TARGET = 18.2;
				MARKETING_VERSION = 1.0;
				PRODUCT_BUNDLE_IDENTIFIER = com.ayoapps.UltimateTriviaTests;
				PRODUCT_NAME = "$(TARGET_NAME)";
				SWIFT_EMIT_LOC_STRINGS = NO;
				SWIFT_VERSION = 5.0;
				TARGETED_DEVICE_FAMILY = "1,2";
				TEST_HOST = "$(BUILT_PRODUCTS_DIR)/UltimateTrivia.app/$(BUNDLE_EXECUTABLE_FOLDER_PATH)/UltimateTrivia";
			};
			name = Release;
		};
		47765DEE2D9E1F2D0039B36E /* Debug */ = {
			isa = XCBuildConfiguration;
			buildSettings = {
				CODE_SIGN_STYLE = Automatic;
				CURRENT_PROJECT_VERSION = 1;
				DEVELOPMENT_TEAM = SHM7Y7Q9HU;
				GENERATE_INFOPLIST_FILE = YES;
				MARKETING_VERSION = 1.0;
				PRODUCT_BUNDLE_IDENTIFIER = com.ayoapps.UltimateTriviaUITests;
				PRODUCT_NAME = "$(TARGET_NAME)";
				SWIFT_EMIT_LOC_STRINGS = NO;
				SWIFT_VERSION = 5.0;
				TARGETED_DEVICE_FAMILY = "1,2";
				TEST_TARGET_NAME = UltimateTrivia;
			};
			name = Debug;
		};
		47765DEF2D9E1F2D0039B36E /* Release */ = {
			isa = XCBuildConfiguration;
			buildSettings = {
				CODE_SIGN_STYLE = Automatic;
				CURRENT_PROJECT_VERSION = 1;
				DEVELOPMENT_TEAM = SHM7Y7Q9HU;
				GENERATE_INFOPLIST_FILE = YES;
				MARKETING_VERSION = 1.0;
				PRODUCT_BUNDLE_IDENTIFIER = com.ayoapps.UltimateTriviaUITests;
				PRODUCT_NAME = "$(TARGET_NAME)";
				SWIFT_EMIT_LOC_STRINGS = NO;
				SWIFT_VERSION = 5.0;
				TARGETED_DEVICE_FAMILY = "1,2";
				TEST_TARGET_NAME = UltimateTrivia;
			};
			name = Release;
		};
/* End XCBuildConfiguration section */

/* Begin XCConfigurationList section */
		47765DBC2D9E1F2C0039B36E /* Build configuration list for PBXProject "UltimateTrivia" */ = {
			isa = XCConfigurationList;
			buildConfigurations = (
				47765DE52D9E1F2D0039B36E /* Debug */,
				47765DE62D9E1F2D0039B36E /* Release */,
			);
			defaultConfigurationIsVisible = 0;
			defaultConfigurationName = Release;
		};
		47765DE72D9E1F2D0039B36E /* Build configuration list for PBXNativeTarget "UltimateTrivia" */ = {
			isa = XCConfigurationList;
			buildConfigurations = (
				47765DE82D9E1F2D0039B36E /* Debug */,
				47765DE92D9E1F2D0039B36E /* Release */,
			);
			defaultConfigurationIsVisible = 0;
			defaultConfigurationName = Release;
		};
		47765DEA2D9E1F2D0039B36E /* Build configuration list for PBXNativeTarget "UltimateTriviaTests" */ = {
			isa = XCConfigurationList;
			buildConfigurations = (
				47765DEB2D9E1F2D0039B36E /* Debug */,
				47765DEC2D9E1F2D0039B36E /* Release */,
			);
			defaultConfigurationIsVisible = 0;
			defaultConfigurationName = Release;
		};
		47765DED2D9E1F2D0039B36E /* Build configuration list for PBXNativeTarget "UltimateTriviaUITests" */ = {
			isa = XCConfigurationList;
			buildConfigurations = (
				47765DEE2D9E1F2D0039B36E /* Debug */,
				47765DEF2D9E1F2D0039B36E /* Release */,
			);
			defaultConfigurationIsVisible = 0;
			defaultConfigurationName = Release;
		};
/* End XCConfigurationList section */
	};
	rootObject = 47765DB92D9E1F2C0039B36E /* Project object */;
}
